# Production dependency closure for Python 3.13 (Linux amd64/arm64).
# Existing Milestone 1 versions retained; Gunicorn and Linux greenlet added.
-r requirements.txt
alembic==1.20.0
blinker==1.9.0
click==8.5.0
greenlet==3.5.5
itsdangerous==2.2.0
Jinja2==3.1.6
Mako==1.4.1
MarkupSafe==3.0.3
packaging==26.3
SQLAlchemy==2.0.52
typing_extensions==4.16.0
Werkzeug==3.1.8
WTForms==3.2.2
